
Microsoft Visual Studio Solution File, Format Version 12.00
# Visual Studio Version 16
VisualStudioVersion = 16.0.31727.386
MinimumVisualStudioVersion = 10.0.40219.1
Project("{2150E333-8FDC-42A3-9474-1A3956D46DE8}") = "Backend", "Backend", "{12642A96-4117-46C0-A625-577F6B001FB4}"
EndProject
Project("{2150E333-8FDC-42A3-9474-1A3956D46DE8}") = "Frontend", "Frontend", "{F6414AFC-2A4D-4093-BD21-ACFB8B172300}"
EndProject
Project("{2150E333-8FDC-42A3-9474-1A3956D46DE8}") = "Shared", "Shared", "{5EEE74F0-3313-478D-9AE9-D6C01B36725A}"
EndProject
Project("{2150E333-8FDC-42A3-9474-1A3956D46DE8}") = "others", "others", "{B879D8BB-B273-4430-99FE-6C1D7EBF6564}"
	ProjectSection(SolutionItems) = preProject
		.gitignore = .gitignore
	EndProjectSection
EndProject
Project("{9A19103F-16F7-4668-BE54-9A1E7A4F7556}") = "XCWED2_SG1_21_22_2.Client", "XCWED2_SG1_21_22_2.Client\XCWED2_SG1_21_22_2.Client.csproj", "{DA0744DE-5D18-4D60-BA23-DF4265F0B949}"
EndProject
Project("{9A19103F-16F7-4668-BE54-9A1E7A4F7556}") = "XCWED2_SG1_21_22_2.Data", "XCWED2_SG1_21_22_2.Data\XCWED2_SG1_21_22_2.Data.csproj", "{39EDD585-6BA4-4CFE-A7DF-67E6F0C5F592}"
EndProject
Project("{9A19103F-16F7-4668-BE54-9A1E7A4F7556}") = "XCWED2_SG1_21_22_2.Endpoint", "XCWED2_SG1_21_22_2.Endpoint\XCWED2_SG1_21_22_2.Endpoint.csproj", "{1CBA3E58-726E-4FD6-82AD-8482AA2EEB6D}"
EndProject
Project("{9A19103F-16F7-4668-BE54-9A1E7A4F7556}") = "XCWED2_SG1_21_22_2.Logic", "XCWED2_SG1_21_22_2.Logic\XCWED2_SG1_21_22_2.Logic.csproj", "{9253EF08-1C55-4E12-96DE-FC1A6FCE59EB}"
EndProject
Project("{9A19103F-16F7-4668-BE54-9A1E7A4F7556}") = "XCWED2_SG1_21_22_2.Models", "XCWED2_SG1_21_22_2.Models\XCWED2_SG1_21_22_2.Models.csproj", "{C9332AAD-E3EB-4B51-8FBF-AD1880D95BF1}"
EndProject
Project("{9A19103F-16F7-4668-BE54-9A1E7A4F7556}") = "XCWED2_SG1_21_22_2.Repository", "XCWED2_SG1_21_22_2.Repository\XCWED2_SG1_21_22_2.Repository.csproj", "{CFD19933-2C90-4828-9FA5-7253AE7CDDB4}"
EndProject
Project("{9A19103F-16F7-4668-BE54-9A1E7A4F7556}") = "XCWED2_SG1_21_22_2.Test", "XCWED2_SG1_21_22_2.Test\XCWED2_SG1_21_22_2.Test.csproj", "{880D6AF8-AEF4-4DB2-9C0B-2C4913BFB695}"
EndProject
Project("{FAE04EC0-301F-11D3-BF4B-00C04F79EFBC}") = "XCWED2_SG1_21_22_2.WpfClient", "XCWED2_SG1_21_22_2.WpfClient\XCWED2_SG1_21_22_2.WpfClient.csproj", "{CADF72BB-5CEB-40C8-A429-731820B72429}"
EndProject
Global
	GlobalSection(SolutionConfigurationPlatforms) = preSolution
		Debug|Any CPU = Debug|Any CPU
		Release|Any CPU = Release|Any CPU
	EndGlobalSection
	GlobalSection(ProjectConfigurationPlatforms) = postSolution
		{DA0744DE-5D18-4D60-BA23-DF4265F0B949}.Debug|Any CPU.ActiveCfg = Debug|Any CPU
		{DA0744DE-5D18-4D60-BA23-DF4265F0B949}.Debug|Any CPU.Build.0 = Debug|Any CPU
		{DA0744DE-5D18-4D60-BA23-DF4265F0B949}.Release|Any CPU.ActiveCfg = Release|Any CPU
		{DA0744DE-5D18-4D60-BA23-DF4265F0B949}.Release|Any CPU.Build.0 = Release|Any CPU
		{39EDD585-6BA4-4CFE-A7DF-67E6F0C5F592}.Debug|Any CPU.ActiveCfg = Debug|Any CPU
		{39EDD585-6BA4-4CFE-A7DF-67E6F0C5F592}.Debug|Any CPU.Build.0 = Debug|Any CPU
		{39EDD585-6BA4-4CFE-A7DF-67E6F0C5F592}.Release|Any CPU.ActiveCfg = Release|Any CPU
		{39EDD585-6BA4-4CFE-A7DF-67E6F0C5F592}.Release|Any CPU.Build.0 = Release|Any CPU
		{1CBA3E58-726E-4FD6-82AD-8482AA2EEB6D}.Debug|Any CPU.ActiveCfg = Debug|Any CPU
		{1CBA3E58-726E-4FD6-82AD-8482AA2EEB6D}.Debug|Any CPU.Build.0 = Debug|Any CPU
		{1CBA3E58-726E-4FD6-82AD-8482AA2EEB6D}.Release|Any CPU.ActiveCfg = Release|Any CPU
		{1CBA3E58-726E-4FD6-82AD-8482AA2EEB6D}.Release|Any CPU.Build.0 = Release|Any CPU
		{9253EF08-1C55-4E12-96DE-FC1A6FCE59EB}.Debug|Any CPU.ActiveCfg = Debug|Any CPU
		{9253EF08-1C55-4E12-96DE-FC1A6FCE59EB}.Debug|Any CPU.Build.0 = Debug|Any CPU
		{9253EF08-1C55-4E12-96DE-FC1A6FCE59EB}.Release|Any CPU.ActiveCfg = Release|Any CPU
		{9253EF08-1C55-4E12-96DE-FC1A6FCE59EB}.Release|Any CPU.Build.0 = Release|Any CPU
		{C9332AAD-E3EB-4B51-8FBF-AD1880D95BF1}.Debug|Any CPU.ActiveCfg = Debug|Any CPU
		{C9332AAD-E3EB-4B51-8FBF-AD1880D95BF1}.Debug|Any CPU.Build.0 = Debug|Any CPU
		{C9332AAD-E3EB-4B51-8FBF-AD1880D95BF1}.Release|Any CPU.ActiveCfg = Release|Any CPU
		{C9332AAD-E3EB-4B51-8FBF-AD1880D95BF1}.Release|Any CPU.Build.0 = Release|Any CPU
		{CFD19933-2C90-4828-9FA5-7253AE7CDDB4}.Debug|Any CPU.ActiveCfg = Debug|Any CPU
		{CFD19933-2C90-4828-9FA5-7253AE7CDDB4}.Debug|Any CPU.Build.0 = Debug|Any CPU
		{CFD19933-2C90-4828-9FA5-7253AE7CDDB4}.Release|Any CPU.ActiveCfg = Release|Any CPU
		{CFD19933-2C90-4828-9FA5-7253AE7CDDB4}.Release|Any CPU.Build.0 = Release|Any CPU
		{880D6AF8-AEF4-4DB2-9C0B-2C4913BFB695}.Debug|Any CPU.ActiveCfg = Debug|Any CPU
		{880D6AF8-AEF4-4DB2-9C0B-2C4913BFB695}.Debug|Any CPU.Build.0 = Debug|Any CPU
		{880D6AF8-AEF4-4DB2-9C0B-2C4913BFB695}.Release|Any CPU.ActiveCfg = Release|Any CPU
		{880D6AF8-AEF4-4DB2-9C0B-2C4913BFB695}.Release|Any CPU.Build.0 = Release|Any CPU
		{CADF72BB-5CEB-40C8-A429-731820B72429}.Debug|Any CPU.ActiveCfg = Debug|Any CPU
		{CADF72BB-5CEB-40C8-A429-731820B72429}.Debug|Any CPU.Build.0 = Debug|Any CPU
		{CADF72BB-5CEB-40C8-A429-731820B72429}.Release|Any CPU.ActiveCfg = Release|Any CPU
		{CADF72BB-5CEB-40C8-A429-731820B72429}.Release|Any CPU.Build.0 = Release|Any CPU
	EndGlobalSection
	GlobalSection(SolutionProperties) = preSolution
		HideSolutionNode = FALSE
	EndGlobalSection
	GlobalSection(NestedProjects) = preSolution
		{DA0744DE-5D18-4D60-BA23-DF4265F0B949} = {F6414AFC-2A4D-4093-BD21-ACFB8B172300}
		{39EDD585-6BA4-4CFE-A7DF-67E6F0C5F592} = {12642A96-4117-46C0-A625-577F6B001FB4}
		{1CBA3E58-726E-4FD6-82AD-8482AA2EEB6D} = {12642A96-4117-46C0-A625-577F6B001FB4}
		{9253EF08-1C55-4E12-96DE-FC1A6FCE59EB} = {12642A96-4117-46C0-A625-577F6B001FB4}
		{C9332AAD-E3EB-4B51-8FBF-AD1880D95BF1} = {5EEE74F0-3313-478D-9AE9-D6C01B36725A}
		{CFD19933-2C90-4828-9FA5-7253AE7CDDB4} = {12642A96-4117-46C0-A625-577F6B001FB4}
		{880D6AF8-AEF4-4DB2-9C0B-2C4913BFB695} = {12642A96-4117-46C0-A625-577F6B001FB4}
		{CADF72BB-5CEB-40C8-A429-731820B72429} = {F6414AFC-2A4D-4093-BD21-ACFB8B172300}
	EndGlobalSection
	GlobalSection(ExtensibilityGlobals) = postSolution
		SolutionGuid = {2C00A18D-A2F9-4AD5-97D2-32668BBE5B81}
	EndGlobalSection
EndGlobal
