
Microsoft Visual Studio Solution File, Format Version 12.00
# Visual Studio Version 16
VisualStudioVersion = 16.0.31727.386
MinimumVisualStudioVersion = 10.0.40219.1
Project("{FAE04EC0-301F-11D3-BF4B-00C04F79EFBC}") = "XCWED2_HFT_2021221.Client", "XCWED2_HFT_2021221\XCWED2_HFT_2021221.Client.csproj", "{2878EE08-198A-48A5-9B7B-84080AAEDB68}"
EndProject
Project("{FAE04EC0-301F-11D3-BF4B-00C04F79EFBC}") = "XCWED2_HFT_2021221.Models", "XCWED2_HFT_2021221.Models\XCWED2_HFT_2021221.Models.csproj", "{EF7F2151-EA1E-46C7-8564-244A6A5F1E4C}"
EndProject
Project("{FAE04EC0-301F-11D3-BF4B-00C04F79EFBC}") = "XCWED2_HFT_2021221.Data", "XCWED2_HFT_2021221.Data\XCWED2_HFT_2021221.Data.csproj", "{72923D0E-7322-4BB6-BCB4-A0AEA9E66E51}"
EndProject
Project("{FAE04EC0-301F-11D3-BF4B-00C04F79EFBC}") = "XCWED2_HFT_2021221.Logic", "XCWED2_HFT_2021221.Logic\XCWED2_HFT_2021221.Logic.csproj", "{90AF6EAB-3E13-4FC2-9C7A-8624C0D611F3}"
EndProject
Project("{FAE04EC0-301F-11D3-BF4B-00C04F79EFBC}") = "XCWED2_HFT_2021221.Repository", "XCWED2_HFT_2021221.Repository\XCWED2_HFT_2021221.Repository.csproj", "{21DF4788-0DB6-4ED3-8E5C-AD0370F691DC}"
EndProject
Project("{FAE04EC0-301F-11D3-BF4B-00C04F79EFBC}") = "XCWED2_HFT_2021221.Endpoint", "XCWED2_HFT_2021221.Endpoint\XCWED2_HFT_2021221.Endpoint.csproj", "{FBFD75A8-5557-4DF2-92EE-4B51F4D3DD5A}"
EndProject
Project("{FAE04EC0-301F-11D3-BF4B-00C04F79EFBC}") = "XCWED2_HFT_2021221.Test", "XCWED2_HFT_2021221.Test\XCWED2_HFT_2021221.Test.csproj", "{496848CD-7869-4575-A23B-AA77D71E2C9D}"
EndProject
Project("{2150E333-8FDC-42A3-9474-1A3956D46DE8}") = "Backend", "Backend", "{12642A96-4117-46C0-A625-577F6B001FB4}"
EndProject
Project("{2150E333-8FDC-42A3-9474-1A3956D46DE8}") = "Frontend", "Frontend", "{F6414AFC-2A4D-4093-BD21-ACFB8B172300}"
EndProject
Project("{2150E333-8FDC-42A3-9474-1A3956D46DE8}") = "Shared", "Shared", "{5EEE74F0-3313-478D-9AE9-D6C01B36725A}"
EndProject
Global
	GlobalSection(SolutionConfigurationPlatforms) = preSolution
		Debug|Any CPU = Debug|Any CPU
		Release|Any CPU = Release|Any CPU
	EndGlobalSection
	GlobalSection(ProjectConfigurationPlatforms) = postSolution
		{2878EE08-198A-48A5-9B7B-84080AAEDB68}.Debug|Any CPU.ActiveCfg = Debug|Any CPU
		{2878EE08-198A-48A5-9B7B-84080AAEDB68}.Debug|Any CPU.Build.0 = Debug|Any CPU
		{2878EE08-198A-48A5-9B7B-84080AAEDB68}.Release|Any CPU.ActiveCfg = Release|Any CPU
		{2878EE08-198A-48A5-9B7B-84080AAEDB68}.Release|Any CPU.Build.0 = Release|Any CPU
		{EF7F2151-EA1E-46C7-8564-244A6A5F1E4C}.Debug|Any CPU.ActiveCfg = Debug|Any CPU
		{EF7F2151-EA1E-46C7-8564-244A6A5F1E4C}.Debug|Any CPU.Build.0 = Debug|Any CPU
		{EF7F2151-EA1E-46C7-8564-244A6A5F1E4C}.Release|Any CPU.ActiveCfg = Release|Any CPU
		{EF7F2151-EA1E-46C7-8564-244A6A5F1E4C}.Release|Any CPU.Build.0 = Release|Any CPU
		{72923D0E-7322-4BB6-BCB4-A0AEA9E66E51}.Debug|Any CPU.ActiveCfg = Debug|Any CPU
		{72923D0E-7322-4BB6-BCB4-A0AEA9E66E51}.Debug|Any CPU.Build.0 = Debug|Any CPU
		{72923D0E-7322-4BB6-BCB4-A0AEA9E66E51}.Release|Any CPU.ActiveCfg = Release|Any CPU
		{72923D0E-7322-4BB6-BCB4-A0AEA9E66E51}.Release|Any CPU.Build.0 = Release|Any CPU
		{90AF6EAB-3E13-4FC2-9C7A-8624C0D611F3}.Debug|Any CPU.ActiveCfg = Debug|Any CPU
		{90AF6EAB-3E13-4FC2-9C7A-8624C0D611F3}.Debug|Any CPU.Build.0 = Debug|Any CPU
		{90AF6EAB-3E13-4FC2-9C7A-8624C0D611F3}.Release|Any CPU.ActiveCfg = Release|Any CPU
		{90AF6EAB-3E13-4FC2-9C7A-8624C0D611F3}.Release|Any CPU.Build.0 = Release|Any CPU
		{21DF4788-0DB6-4ED3-8E5C-AD0370F691DC}.Debug|Any CPU.ActiveCfg = Debug|Any CPU
		{21DF4788-0DB6-4ED3-8E5C-AD0370F691DC}.Debug|Any CPU.Build.0 = Debug|Any CPU
		{21DF4788-0DB6-4ED3-8E5C-AD0370F691DC}.Release|Any CPU.ActiveCfg = Release|Any CPU
		{21DF4788-0DB6-4ED3-8E5C-AD0370F691DC}.Release|Any CPU.Build.0 = Release|Any CPU
		{FBFD75A8-5557-4DF2-92EE-4B51F4D3DD5A}.Debug|Any CPU.ActiveCfg = Debug|Any CPU
		{FBFD75A8-5557-4DF2-92EE-4B51F4D3DD5A}.Debug|Any CPU.Build.0 = Debug|Any CPU
		{FBFD75A8-5557-4DF2-92EE-4B51F4D3DD5A}.Release|Any CPU.ActiveCfg = Release|Any CPU
		{FBFD75A8-5557-4DF2-92EE-4B51F4D3DD5A}.Release|Any CPU.Build.0 = Release|Any CPU
		{496848CD-7869-4575-A23B-AA77D71E2C9D}.Debug|Any CPU.ActiveCfg = Debug|Any CPU
		{496848CD-7869-4575-A23B-AA77D71E2C9D}.Debug|Any CPU.Build.0 = Debug|Any CPU
		{496848CD-7869-4575-A23B-AA77D71E2C9D}.Release|Any CPU.ActiveCfg = Release|Any CPU
		{496848CD-7869-4575-A23B-AA77D71E2C9D}.Release|Any CPU.Build.0 = Release|Any CPU
	EndGlobalSection
	GlobalSection(SolutionProperties) = preSolution
		HideSolutionNode = FALSE
	EndGlobalSection
	GlobalSection(NestedProjects) = preSolution
		{2878EE08-198A-48A5-9B7B-84080AAEDB68} = {F6414AFC-2A4D-4093-BD21-ACFB8B172300}
		{EF7F2151-EA1E-46C7-8564-244A6A5F1E4C} = {5EEE74F0-3313-478D-9AE9-D6C01B36725A}
		{72923D0E-7322-4BB6-BCB4-A0AEA9E66E51} = {12642A96-4117-46C0-A625-577F6B001FB4}
		{90AF6EAB-3E13-4FC2-9C7A-8624C0D611F3} = {12642A96-4117-46C0-A625-577F6B001FB4}
		{21DF4788-0DB6-4ED3-8E5C-AD0370F691DC} = {12642A96-4117-46C0-A625-577F6B001FB4}
		{FBFD75A8-5557-4DF2-92EE-4B51F4D3DD5A} = {12642A96-4117-46C0-A625-577F6B001FB4}
		{496848CD-7869-4575-A23B-AA77D71E2C9D} = {12642A96-4117-46C0-A625-577F6B001FB4}
	EndGlobalSection
	GlobalSection(ExtensibilityGlobals) = postSolution
		SolutionGuid = {2C00A18D-A2F9-4AD5-97D2-32668BBE5B81}
	EndGlobalSection
EndGlobal
